{
  "version": 4,
  "terraform_version": "1.5.7",
  "serial": 37,
  "lineage": "6c9a33be-a9aa-b914-ee3e-858e0aeee155",
  "outputs": {
    "path_module": {
      "value": ".",
      "type": "string"
    }
  },
  "resources": [
    {
      "module": "module.charts-import",
      "mode": "managed",
      "type": "helm_release",
      "name": "deployments",
      "provider": "provider[\"registry.terraform.io/hashicorp/helm\"]",
      "instances": [
        {
          "index_key": "ping-devops",
          "status": "tainted",
          "schema_version": 1,
          "attributes": {
            "atomic": false,
            "chart": "ping-devops",
            "cleanup_on_fail": false,
            "create_namespace": false,
            "dependency_update": false,
            "description": null,
            "devel": null,
            "disable_crd_hooks": false,
            "disable_openapi_validation": false,
            "disable_webhooks": false,
            "force_update": false,
            "id": "ping-devops",
            "keyring": null,
            "lint": false,
            "manifest": null,
            "max_history": 0,
            "metadata": [
              {
                "app_version": "2308",
                "chart": "ping-devops",
                "name": "ping-devops",
                "namespace": "default",
                "revision": 1,
                "values": "{\"pingfederate-admin\":{\"enabled\":true},\"pingfederate-engine\":{\"container\":{\"affinity\":{\"nodeAffinity\":{\"requiredDuringSchedulingIgnoredDuringExecution\":{\"nodeSelectorTerms\":[{\"matchExpressions\":[{\"values\":\"- \\\"GroupB\\\"\\n\"},{\"values\":\"- \\\"eu-east\\\"\\n- \\\"eu-west\\\"\\n\"}]}]}}},\"replicaCount\":5},\"enabled\":true}}",
                "version": "0.9.19"
              }
            ],
            "name": "ping-devops",
            "namespace": "default",
            "pass_credentials": false,
            "postrender": [],
            "recreate_pods": false,
            "render_subchart_notes": true,
            "replace": false,
            "repository": "chartmuseum",
            "repository_ca_file": null,
            "repository_cert_file": null,
            "repository_key_file": null,
            "repository_password": null,
            "repository_username": null,
            "reset_values": false,
            "reuse_values": false,
            "set": [
              {
                "name": "pingfederate-admin.enabled",
                "type": "",
                "value": "true"
              },
              {
                "name": "pingfederate-engine.container.affinity.nodeAffinity.requiredDuringSchedulingIgnoredDuringExecution.nodeSelectorTerms[0].matchExpressions[0].values",
                "type": "",
                "value": "- \"GroupB\"\n"
              },
              {
                "name": "pingfederate-engine.container.affinity.nodeAffinity.requiredDuringSchedulingIgnoredDuringExecution.nodeSelectorTerms[0].matchExpressions[1].values",
                "type": "",
                "value": "- \"eu-east\"\n- \"eu-west\"\n"
              },
              {
                "name": "pingfederate-engine.container.replicaCount",
                "type": "",
                "value": "5"
              },
              {
                "name": "pingfederate-engine.enabled",
                "type": "",
                "value": "true"
              }
            ],
            "set_list": [],
            "set_sensitive": [],
            "skip_crds": false,
            "status": "failed",
            "timeout": 300,
            "values": null,
            "verify": false,
            "version": "0.9.19",
            "wait": true,
            "wait_for_jobs": false
          },
          "sensitive_attributes": [],
          "private": "eyJzY2hlbWFfdmVyc2lvbiI6IjEifQ=="
        }
      ]
    }
  ],
  "check_results": null
}
